// !$*UTF8*$!
{
	archiveVersion = 1;
	classes = {
	};
	objectVersion = 46;
	objects = {

/* Begin PBXBuildFile section */
		7320A4C41CB4D0F900740529 /* wx.png in Resources */ = {isa = PBXBuildFile; fileRef = 7320A4C31CB4D0F900740529 /* wx.png */; };
		737DB2721CB386FD0084D795 /* AppDelegate.swift in Sources */ = {isa = PBXBuildFile; fileRef = 737DB2711CB386FD0084D795 /* AppDelegate.swift */; };
		737DB2741CB386FD0084D795 /* AdvisoryViewController.swift in Sources */ = {isa = PBXBuildFile; fileRef = 737DB2731CB386FD0084D795 /* AdvisoryViewController.swift */; };
		737DB2771CB386FD0084D795 /* Main.storyboard in Resources */ = {isa = PBXBuildFile; fileRef = 737DB2751CB386FD0084D795 /* Main.storyboard */; };
		737DB2791CB386FD0084D795 /* Assets.xcassets in Resources */ = {isa = PBXBuildFile; fileRef = 737DB2781CB386FD0084D795 /* Assets.xcassets */; };
		737DB27C1CB386FD0084D795 /* LaunchScreen.storyboard in Resources */ = {isa = PBXBuildFile; fileRef = 737DB27A1CB386FD0084D795 /* LaunchScreen.storyboard */; };
		737DB2861CB387930084D795 /* DYLRequest.swift in Sources */ = {isa = PBXBuildFile; fileRef = 737DB2851CB387930084D795 /* DYLRequest.swift */; };
		737DB2881CB399D70084D795 /* DYLUrl.swift in Sources */ = {isa = PBXBuildFile; fileRef = 737DB2871CB399D70084D795 /* DYLUrl.swift */; };
		73E19D141CB3A4DF0082E8C2 /* DYLNetWork.swift in Sources */ = {isa = PBXBuildFile; fileRef = 73E19D131CB3A4DF0082E8C2 /* DYLNetWork.swift */; };
/* End PBXBuildFile section */

/* Begin PBXFileReference section */
		7320A4C31CB4D0F900740529 /* wx.png */ = {isa = PBXFileReference; lastKnownFileType = image.png; path = wx.png; sourceTree = "<group>"; };
		737DB26E1CB386FD0084D795 /* DDYAsk.app */ = {isa = PBXFileReference; explicitFileType = wrapper.application; includeInIndex = 0; path = DDYAsk.app; sourceTree = BUILT_PRODUCTS_DIR; };
		737DB2711CB386FD0084D795 /* AppDelegate.swift */ = {isa = PBXFileReference; lastKnownFileType = sourcecode.swift; path = AppDelegate.swift; sourceTree = "<group>"; };
		737DB2731CB386FD0084D795 /* AdvisoryViewController.swift */ = {isa = PBXFileReference; lastKnownFileType = sourcecode.swift; path = AdvisoryViewController.swift; sourceTree = "<group>"; };
		737DB2761CB386FD0084D795 /* Base */ = {isa = PBXFileReference; lastKnownFileType = file.storyboard; name = Base; path = Base.lproj/Main.storyboard; sourceTree = "<group>"; };
		737DB2781CB386FD0084D795 /* Assets.xcassets */ = {isa = PBXFileReference; lastKnownFileType = folder.assetcatalog; path = Assets.xcassets; sourceTree = "<group>"; };
		737DB27B1CB386FD0084D795 /* Base */ = {isa = PBXFileReference; lastKnownFileType = file.storyboard; name = Base; path = Base.lproj/LaunchScreen.storyboard; sourceTree = "<group>"; };
		737DB27D1CB386FD0084D795 /* Info.plist */ = {isa = PBXFileReference; lastKnownFileType = text.plist.xml; path = Info.plist; sourceTree = "<group>"; };
		737DB2841CB3873C0084D795 /* PrefixHeader.pch */ = {isa = PBXFileReference; lastKnownFileType = sourcecode.c.h; path = PrefixHeader.pch; sourceTree = "<group>"; };
		737DB2851CB387930084D795 /* DYLRequest.swift */ = {isa = PBXFileReference; fileEncoding = 4; lastKnownFileType = sourcecode.swift; path = DYLRequest.swift; sourceTree = "<group>"; };
		737DB2871CB399D70084D795 /* DYLUrl.swift */ = {isa = PBXFileReference; fileEncoding = 4; lastKnownFileType = sourcecode.swift; path = DYLUrl.swift; sourceTree = "<group>"; };
		73E19D131CB3A4DF0082E8C2 /* DYLNetWork.swift */ = {isa = PBXFileReference; fileEncoding = 4; lastKnownFileType = sourcecode.swift; path = DYLNetWork.swift; sourceTree = "<group>"; };
/* End PBXFileReference section */

/* Begin PBXFrameworksBuildPhase section */
		737DB26B1CB386FD0084D795 /* Frameworks */ = {
			isa = PBXFrameworksBuildPhase;
			buildActionMask = 2147483647;
			files = (
			);
			runOnlyForDeploymentPostprocessing = 0;
		};
/* End PBXFrameworksBuildPhase section */

/* Begin PBXGroup section */
		737DB2651CB386FD0084D795 = {
			isa = PBXGroup;
			children = (
				737DB2701CB386FD0084D795 /* DDYAsk */,
				737DB26F1CB386FD0084D795 /* Products */,
			);
			sourceTree = "<group>";
		};
		737DB26F1CB386FD0084D795 /* Products */ = {
			isa = PBXGroup;
			children = (
				737DB26E1CB386FD0084D795 /* DDYAsk.app */,
			);
			name = Products;
			sourceTree = "<group>";
		};
		737DB2701CB386FD0084D795 /* DDYAsk */ = {
			isa = PBXGroup;
			children = (
				7320A4C31CB4D0F900740529 /* wx.png */,
				737DB2831CB3871D0084D795 /* Network */,
				737DB2711CB386FD0084D795 /* AppDelegate.swift */,
				737DB2731CB386FD0084D795 /* AdvisoryViewController.swift */,
				737DB2841CB3873C0084D795 /* PrefixHeader.pch */,
				737DB2751CB386FD0084D795 /* Main.storyboard */,
				737DB2781CB386FD0084D795 /* Assets.xcassets */,
				737DB27A1CB386FD0084D795 /* LaunchScreen.storyboard */,
				737DB27D1CB386FD0084D795 /* Info.plist */,
			);
			path = DDYAsk;
			sourceTree = "<group>";
		};
		737DB2831CB3871D0084D795 /* Network */ = {
			isa = PBXGroup;
			children = (
				737DB2851CB387930084D795 /* DYLRequest.swift */,
				737DB2871CB399D70084D795 /* DYLUrl.swift */,
				73E19D131CB3A4DF0082E8C2 /* DYLNetWork.swift */,
			);
			name = Network;
			sourceTree = "<group>";
		};
/* End PBXGroup section */

/* Begin PBXNativeTarget section */
		737DB26D1CB386FD0084D795 /* DDYAsk */ = {
			isa = PBXNativeTarget;
			buildConfigurationList = 737DB2801CB386FD0084D795 /* Build configuration list for PBXNativeTarget "DDYAsk" */;
			buildPhases = (
				737DB26A1CB386FD0084D795 /* Sources */,
				737DB26B1CB386FD0084D795 /* Frameworks */,
				737DB26C1CB386FD0084D795 /* Resources */,
			);
			buildRules = (
			);
			dependencies = (
			);
			name = DDYAsk;
			productName = DDYAsk;
			productReference = 737DB26E1CB386FD0084D795 /* DDYAsk.app */;
			productType = "com.apple.product-type.application";
		};
/* End PBXNativeTarget section */

/* Begin PBXProject section */
		737DB2661CB386FD0084D795 /* Project object */ = {
			isa = PBXProject;
			attributes = {
				LastSwiftUpdateCheck = 0720;
				LastUpgradeCheck = 0720;
				ORGANIZATIONNAME = "季勤强";
				TargetAttributes = {
					737DB26D1CB386FD0084D795 = {
						CreatedOnToolsVersion = 7.2;
						DevelopmentTeam = 2N4AYTXBR2;
					};
				};
			};
			buildConfigurationList = 737DB2691CB386FD0084D795 /* Build configuration list for PBXProject "DDYAsk" */;
			compatibilityVersion = "Xcode 3.2";
			developmentRegion = English;
			hasScannedForEncodings = 0;
			knownRegions = (
				en,
				Base,
			);
			mainGroup = 737DB2651CB386FD0084D795;
			productRefGroup = 737DB26F1CB386FD0084D795 /* Products */;
			projectDirPath = "";
			projectRoot = "";
			targets = (
				737DB26D1CB386FD0084D795 /* DDYAsk */,
			);
		};
/* End PBXProject section */

/* Begin PBXResourcesBuildPhase section */
		737DB26C1CB386FD0084D795 /* Resources */ = {
			isa = PBXResourcesBuildPhase;
			buildActionMask = 2147483647;
			files = (
				737DB27C1CB386FD0084D795 /* LaunchScreen.storyboard in Resources */,
				7320A4C41CB4D0F900740529 /* wx.png in Resources */,
				737DB2791CB386FD0084D795 /* Assets.xcassets in Resources */,
				737DB2771CB386FD0084D795 /* Main.storyboard in Resources */,
			);
			runOnlyForDeploymentPostprocessing = 0;
		};
/* End PBXResourcesBuildPhase section */

/* Begin PBXSourcesBuildPhase section */
		737DB26A1CB386FD0084D795 /* Sources */ = {
			isa = PBXSourcesBuildPhase;
			buildActionMask = 2147483647;
			files = (
				737DB2741CB386FD0084D795 /* AdvisoryViewController.swift in Sources */,
				737DB2861CB387930084D795 /* DYLRequest.swift in Sources */,
				737DB2721CB386FD0084D795 /* AppDelegate.swift in Sources */,
				737DB2881CB399D70084D795 /* DYLUrl.swift in Sources */,
				73E19D141CB3A4DF0082E8C2 /* DYLNetWork.swift in Sources */,
			);
			runOnlyForDeploymentPostprocessing = 0;
		};
/* End PBXSourcesBuildPhase section */

/* Begin PBXVariantGroup section */
		737DB2751CB386FD0084D795 /* Main.storyboard */ = {
			isa = PBXVariantGroup;
			children = (
				737DB2761CB386FD0084D795 /* Base */,
			);
			name = Main.storyboard;
			sourceTree = "<group>";
		};
		737DB27A1CB386FD0084D795 /* LaunchScreen.storyboard */ = {
			isa = PBXVariantGroup;
			children = (
				737DB27B1CB386FD0084D795 /* Base */,
			);
			name = LaunchScreen.storyboard;
			sourceTree = "<group>";
		};
/* End PBXVariantGroup section */

/* Begin XCBuildConfiguration section */
		737DB27E1CB386FD0084D795 /* Debug */ = {
			isa = XCBuildConfiguration;
			buildSettings = {
				ALWAYS_SEARCH_USER_PATHS = NO;
				CLANG_CXX_LANGUAGE_STANDARD = "gnu++0x";
				CLANG_CXX_LIBRARY = "libc++";
				CLANG_ENABLE_MODULES = YES;
				CLANG_ENABLE_OBJC_ARC = YES;
				CLANG_WARN_BOOL_CONVERSION = YES;
				CLANG_WARN_CONSTANT_CONVERSION = YES;
				CLANG_WARN_DIRECT_OBJC_ISA_USAGE = YES_ERROR;
				CLANG_WARN_EMPTY_BODY = YES;
				CLANG_WARN_ENUM_CONVERSION = YES;
				CLANG_WARN_INT_CONVERSION = YES;
				CLANG_WARN_OBJC_ROOT_CLASS = YES_ERROR;
				CLANG_WARN_UNREACHABLE_CODE = YES;
				CLANG_WARN__DUPLICATE_METHOD_MATCH = YES;
				"CODE_SIGN_IDENTITY[sdk=iphoneos*]" = "iPhone Developer";
				COPY_PHASE_STRIP = NO;
				DEBUG_INFORMATION_FORMAT = dwarf;
				ENABLE_STRICT_OBJC_MSGSEND = YES;
				ENABLE_TESTABILITY = YES;
				GCC_C_LANGUAGE_STANDARD = gnu99;
				GCC_DYNAMIC_NO_PIC = NO;
				GCC_NO_COMMON_BLOCKS = YES;
				GCC_OPTIMIZATION_LEVEL = 0;
				GCC_PREPROCESSOR_DEFINITIONS = (
					"DEBUG=1",
					"$(inherited)",
				);
				GCC_WARN_64_TO_32_BIT_CONVERSION = YES;
				GCC_WARN_ABOUT_RETURN_TYPE = YES_ERROR;
				GCC_WARN_UNDECLARED_SELECTOR = YES;
				GCC_WARN_UNINITIALIZED_AUTOS = YES_AGGRESSIVE;
				GCC_WARN_UNUSED_FUNCTION = YES;
				GCC_WARN_UNUSED_VARIABLE = YES;
				IPHONEOS_DEPLOYMENT_TARGET = 9.2;
				MTL_ENABLE_DEBUG_INFO = YES;
				ONLY_ACTIVE_ARCH = YES;
				SDKROOT = iphoneos;
				SWIFT_OPTIMIZATION_LEVEL = "-Onone";
			};
			name = Debug;
		};
		737DB27F1CB386FD0084D795 /* Release */ = {
			isa = XCBuildConfiguration;
			buildSettings = {
				ALWAYS_SEARCH_USER_PATHS = NO;
				CLANG_CXX_LANGUAGE_STANDARD = "gnu++0x";
				CLANG_CXX_LIBRARY = "libc++";
				CLANG_ENABLE_MODULES = YES;
				CLANG_ENABLE_OBJC_ARC = YES;
				CLANG_WARN_BOOL_CONVERSION = YES;
				CLANG_WARN_CONSTANT_CONVERSION = YES;
				CLANG_WARN_DIRECT_OBJC_ISA_USAGE = YES_ERROR;
				CLANG_WARN_EMPTY_BODY = YES;
				CLANG_WARN_ENUM_CONVERSION = YES;
				CLANG_WARN_INT_CONVERSION = YES;
				CLANG_WARN_OBJC_ROOT_CLASS = YES_ERROR;
				CLANG_WARN_UNREACHABLE_CODE = YES;
				CLANG_WARN__DUPLICATE_METHOD_MATCH = YES;
				"CODE_SIGN_IDENTITY[sdk=iphoneos*]" = "iPhone Developer";
				COPY_PHASE_STRIP = NO;
				DEBUG_INFORMATION_FORMAT = "dwarf-with-dsym";
				ENABLE_NS_ASSERTIONS = NO;
				ENABLE_STRICT_OBJC_MSGSEND = YES;
				GCC_C_LANGUAGE_STANDARD = gnu99;
				GCC_NO_COMMON_BLOCKS = YES;
				GCC_WARN_64_TO_32_BIT_CONVERSION = YES;
				GCC_WARN_ABOUT_RETURN_TYPE = YES_ERROR;
				GCC_WARN_UNDECLARED_SELECTOR = YES;
				GCC_WARN_UNINITIALIZED_AUTOS = YES_AGGRESSIVE;
				GCC_WARN_UNUSED_FUNCTION = YES;
				GCC_WARN_UNUSED_VARIABLE = YES;
				IPHONEOS_DEPLOYMENT_TARGET = 9.2;
				MTL_ENABLE_DEBUG_INFO = NO;
				SDKROOT = iphoneos;
				VALIDATE_PRODUCT = YES;
			};
			name = Release;
		};
		737DB2811CB386FD0084D795 /* Debug */ = {
			isa = XCBuildConfiguration;
			buildSettings = {
				ASSETCATALOG_COMPILER_APPICON_NAME = AppIcon;
				CODE_SIGN_IDENTITY = "iPhone Developer";
				EMBEDDED_CONTENT_CONTAINS_SWIFT = YES;
				GCC_PREFIX_HEADER = "/Users/jiqinqiang/Desktop/学习/github project/DDYAsk/DDYAsk/PrefixHeader.pch";
				INFOPLIST_FILE = DDYAsk/Info.plist;
				IPHONEOS_DEPLOYMENT_TARGET = 7.1;
				LD_RUNPATH_SEARCH_PATHS = "$(inherited) @executable_path/Frameworks";
				PRODUCT_BUNDLE_IDENTIFIER = com.jqq.ddyask;
				PRODUCT_NAME = "$(TARGET_NAME)";
			};
			name = Debug;
		};
		737DB2821CB386FD0084D795 /* Release */ = {
			isa = XCBuildConfiguration;
			buildSettings = {
				ASSETCATALOG_COMPILER_APPICON_NAME = AppIcon;
				CODE_SIGN_IDENTITY = "iPhone Developer";
				EMBEDDED_CONTENT_CONTAINS_SWIFT = YES;
				GCC_PREFIX_HEADER = "/Users/jiqinqiang/Desktop/学习/github project/DDYAsk/DDYAsk/PrefixHeader.pch";
				INFOPLIST_FILE = DDYAsk/Info.plist;
				IPHONEOS_DEPLOYMENT_TARGET = 7.1;
				LD_RUNPATH_SEARCH_PATHS = "$(inherited) @executable_path/Frameworks";
				PRODUCT_BUNDLE_IDENTIFIER = com.jqq.ddyask;
				PRODUCT_NAME = "$(TARGET_NAME)";
			};
			name = Release;
		};
/* End XCBuildConfiguration section */

/* Begin XCConfigurationList section */
		737DB2691CB386FD0084D795 /* Build configuration list for PBXProject "DDYAsk" */ = {
			isa = XCConfigurationList;
			buildConfigurations = (
				737DB27E1CB386FD0084D795 /* Debug */,
				737DB27F1CB386FD0084D795 /* Release */,
			);
			defaultConfigurationIsVisible = 0;
			defaultConfigurationName = Release;
		};
		737DB2801CB386FD0084D795 /* Build configuration list for PBXNativeTarget "DDYAsk" */ = {
			isa = XCConfigurationList;
			buildConfigurations = (
				737DB2811CB386FD0084D795 /* Debug */,
				737DB2821CB386FD0084D795 /* Release */,
			);
			defaultConfigurationIsVisible = 0;
			defaultConfigurationName = Release;
		};
/* End XCConfigurationList section */
	};
	rootObject = 737DB2661CB386FD0084D795 /* Project object */;
}
